
Microsoft Visual Studio Solution File, Format Version 12.00
# Visual Studio 2012
Project("{FAE04EC0-301F-11D3-BF4B-00C04F79EFBC}") = "AppFrame.Common", "AppFrame.Common\AppFrame.Common.csproj", "{C9D09938-C9E5-44BC-9268-9D716FCE8261}"
EndProject
Project("{FAE04EC0-301F-11D3-BF4B-00C04F79EFBC}") = "AppFrame.ServiceInterface", "AppFrame.ServiceInterface\AppFrame.ServiceInterface.csproj", "{288F0F41-EBF2-4CA6-B6B5-DC2EDC142329}"
EndProject
Project("{FAE04EC0-301F-11D3-BF4B-00C04F79EFBC}") = "AppFrame.ServiceInterface.SelfHost", "AppFrame.ServiceInterface.SelfHost\AppFrame.ServiceInterface.SelfHost.csproj", "{F02DEA31-BEBD-4441-B3F2-10C461BCC63C}"
EndProject
Global
	GlobalSection(SolutionConfigurationPlatforms) = preSolution
		Debug|Any CPU = Debug|Any CPU
		Release|Any CPU = Release|Any CPU
	EndGlobalSection
	GlobalSection(ProjectConfigurationPlatforms) = postSolution
		{288F0F41-EBF2-4CA6-B6B5-DC2EDC142329}.Debug|Any CPU.ActiveCfg = Debug|Any CPU
		{288F0F41-EBF2-4CA6-B6B5-DC2EDC142329}.Debug|Any CPU.Build.0 = Debug|Any CPU
		{288F0F41-EBF2-4CA6-B6B5-DC2EDC142329}.Release|Any CPU.ActiveCfg = Release|Any CPU
		{288F0F41-EBF2-4CA6-B6B5-DC2EDC142329}.Release|Any CPU.Build.0 = Release|Any CPU
		{C9D09938-C9E5-44BC-9268-9D716FCE8261}.Debug|Any CPU.ActiveCfg = Debug|Any CPU
		{C9D09938-C9E5-44BC-9268-9D716FCE8261}.Debug|Any CPU.Build.0 = Debug|Any CPU
		{C9D09938-C9E5-44BC-9268-9D716FCE8261}.Release|Any CPU.ActiveCfg = Release|Any CPU
		{C9D09938-C9E5-44BC-9268-9D716FCE8261}.Release|Any CPU.Build.0 = Release|Any CPU
		{F02DEA31-BEBD-4441-B3F2-10C461BCC63C}.Debug|Any CPU.ActiveCfg = Debug|Any CPU
		{F02DEA31-BEBD-4441-B3F2-10C461BCC63C}.Debug|Any CPU.Build.0 = Debug|Any CPU
		{F02DEA31-BEBD-4441-B3F2-10C461BCC63C}.Release|Any CPU.ActiveCfg = Release|Any CPU
		{F02DEA31-BEBD-4441-B3F2-10C461BCC63C}.Release|Any CPU.Build.0 = Release|Any CPU
	EndGlobalSection
EndGlobal
